
Microsoft Visual Studio Solution File, Format Version 12.00
# Visual Studio 15
VisualStudioVersion = 15.0.26228.102
MinimumVisualStudioVersion = 10.0.40219.1
Project("{FAE04EC0-301F-11D3-BF4B-00C04F79EFBC}") = "Tagay's Shake Shop", "Tagay's Shake Shop\Tagay's Shake Shop.csproj", "{3A2FCBA0-4C21-49AD-A7EB-57AF3B59D491}"
EndProject
Global
	GlobalSection(SolutionConfigurationPlatforms) = preSolution
		Debug|Any CPU = Debug|Any CPU
		Release|Any CPU = Release|Any CPU
	EndGlobalSection
	GlobalSection(ProjectConfigurationPlatforms) = postSolution
		{3A2FCBA0-4C21-49AD-A7EB-57AF3B59D491}.Debug|Any CPU.ActiveCfg = Debug|Any CPU
		{3A2FCBA0-4C21-49AD-A7EB-57AF3B59D491}.Debug|Any CPU.Build.0 = Debug|Any CPU
		{3A2FCBA0-4C21-49AD-A7EB-57AF3B59D491}.Release|Any CPU.ActiveCfg = Release|Any CPU
		{3A2FCBA0-4C21-49AD-A7EB-57AF3B59D491}.Release|Any CPU.Build.0 = Release|Any CPU
	EndGlobalSection
	GlobalSection(SolutionProperties) = preSolution
		HideSolutionNode = FALSE
	EndGlobalSection
EndGlobal
